
Microsoft Visual Studio Solution File, Format Version 12.00
# Visual Studio Version 16
VisualStudioVersion = 16.0.31624.102
MinimumVisualStudioVersion = 10.0.40219.1
Project("{FAE04EC0-301F-11D3-BF4B-00C04F79EFBC}") = "Lab2_Croteau", "Lab2_Croteau.csproj", "{16E90360-2BD1-4B97-92FF-696B0FEA90BC}"
EndProject
Global
	GlobalSection(SolutionConfigurationPlatforms) = preSolution
		Debug|Any CPU = Debug|Any CPU
		Release|Any CPU = Release|Any CPU
	EndGlobalSection
	GlobalSection(ProjectConfigurationPlatforms) = postSolution
		{16E90360-2BD1-4B97-92FF-696B0FEA90BC}.Debug|Any CPU.ActiveCfg = Debug|Any CPU
		{16E90360-2BD1-4B97-92FF-696B0FEA90BC}.Debug|Any CPU.Build.0 = Debug|Any CPU
		{16E90360-2BD1-4B97-92FF-696B0FEA90BC}.Release|Any CPU.ActiveCfg = Release|Any CPU
		{16E90360-2BD1-4B97-92FF-696B0FEA90BC}.Release|Any CPU.Build.0 = Release|Any CPU
	EndGlobalSection
	GlobalSection(SolutionProperties) = preSolution
		HideSolutionNode = FALSE
	EndGlobalSection
	GlobalSection(ExtensibilityGlobals) = postSolution
		SolutionGuid = {859E56DC-7860-4F72-B2A6-1419EA2A4D90}
	EndGlobalSection
EndGlobal
