
Microsoft Visual Studio Solution File, Format Version 12.00
# Visual Studio Version 16
VisualStudioVersion = 16.0.31911.196
MinimumVisualStudioVersion = 10.0.40219.1
Project("{FAE04EC0-301F-11D3-BF4B-00C04F79EFBC}") = "SE256_Lab_RonC", "SE256_Lab_RonC.csproj", "{0DB42D26-B3E9-428D-90F6-6E9CF89E6DED}"
EndProject
Global
	GlobalSection(SolutionConfigurationPlatforms) = preSolution
		Debug|Any CPU = Debug|Any CPU
		Release|Any CPU = Release|Any CPU
	EndGlobalSection
	GlobalSection(ProjectConfigurationPlatforms) = postSolution
		{0DB42D26-B3E9-428D-90F6-6E9CF89E6DED}.Debug|Any CPU.ActiveCfg = Debug|Any CPU
		{0DB42D26-B3E9-428D-90F6-6E9CF89E6DED}.Debug|Any CPU.Build.0 = Debug|Any CPU
		{0DB42D26-B3E9-428D-90F6-6E9CF89E6DED}.Release|Any CPU.ActiveCfg = Release|Any CPU
		{0DB42D26-B3E9-428D-90F6-6E9CF89E6DED}.Release|Any CPU.Build.0 = Release|Any CPU
	EndGlobalSection
	GlobalSection(SolutionProperties) = preSolution
		HideSolutionNode = FALSE
	EndGlobalSection
	GlobalSection(ExtensibilityGlobals) = postSolution
		SolutionGuid = {F4D804D6-C330-4ADD-9B62-FD46EAB084B6}
	EndGlobalSection
EndGlobal
