
Microsoft Visual Studio Solution File, Format Version 12.00
# Visual Studio Version 16
VisualStudioVersion = 16.0.31624.102
MinimumVisualStudioVersion = 10.0.40219.1
Project("{FAE04EC0-301F-11D3-BF4B-00C04F79EFBC}") = "Lab5_Croteau", "Lab5_Croteau.csproj", "{62A82343-D8F1-4E62-BE9C-E72F9E82FE6F}"
EndProject
Global
	GlobalSection(SolutionConfigurationPlatforms) = preSolution
		Debug|Any CPU = Debug|Any CPU
		Release|Any CPU = Release|Any CPU
	EndGlobalSection
	GlobalSection(ProjectConfigurationPlatforms) = postSolution
		{62A82343-D8F1-4E62-BE9C-E72F9E82FE6F}.Debug|Any CPU.ActiveCfg = Debug|Any CPU
		{62A82343-D8F1-4E62-BE9C-E72F9E82FE6F}.Debug|Any CPU.Build.0 = Debug|Any CPU
		{62A82343-D8F1-4E62-BE9C-E72F9E82FE6F}.Release|Any CPU.ActiveCfg = Release|Any CPU
		{62A82343-D8F1-4E62-BE9C-E72F9E82FE6F}.Release|Any CPU.Build.0 = Release|Any CPU
	EndGlobalSection
	GlobalSection(SolutionProperties) = preSolution
		HideSolutionNode = FALSE
	EndGlobalSection
	GlobalSection(ExtensibilityGlobals) = postSolution
		SolutionGuid = {A072D294-1774-43AA-9ED9-38B2CD03867D}
	EndGlobalSection
EndGlobal
