
Microsoft Visual Studio Solution File, Format Version 12.00
# Visual Studio Version 16
VisualStudioVersion = 16.0.31624.102
MinimumVisualStudioVersion = 10.0.40219.1
Project("{FAE04EC0-301F-11D3-BF4B-00C04F79EFBC}") = "Lab6_Croteau", "Lab6_Croteau.csproj", "{B939967E-CEAE-4F63-B93D-BA0D6DA95BA9}"
EndProject
Global
	GlobalSection(SolutionConfigurationPlatforms) = preSolution
		Debug|Any CPU = Debug|Any CPU
		Release|Any CPU = Release|Any CPU
	EndGlobalSection
	GlobalSection(ProjectConfigurationPlatforms) = postSolution
		{B939967E-CEAE-4F63-B93D-BA0D6DA95BA9}.Debug|Any CPU.ActiveCfg = Debug|Any CPU
		{B939967E-CEAE-4F63-B93D-BA0D6DA95BA9}.Debug|Any CPU.Build.0 = Debug|Any CPU
		{B939967E-CEAE-4F63-B93D-BA0D6DA95BA9}.Release|Any CPU.ActiveCfg = Release|Any CPU
		{B939967E-CEAE-4F63-B93D-BA0D6DA95BA9}.Release|Any CPU.Build.0 = Release|Any CPU
	EndGlobalSection
	GlobalSection(SolutionProperties) = preSolution
		HideSolutionNode = FALSE
	EndGlobalSection
	GlobalSection(ExtensibilityGlobals) = postSolution
		SolutionGuid = {CA8FD70E-7783-4C81-B343-84FAC1FB1FDA}
	EndGlobalSection
EndGlobal
